
Microsoft Visual Studio Solution File, Format Version 12.00
# Visual Studio Version 17
VisualStudioVersion = 17.1.32414.318
MinimumVisualStudioVersion = 10.0.40219.1
Project("{9A19103F-16F7-4668-BE54-9A1E7A4F7556}") = "Equinor.ProCoSys.Auth", "Equinor.ProCoSys.Auth\Equinor.ProCoSys.Auth.csproj", "{354A84A0-53BA-40C1-9F10-CC7D30DA8E00}"
EndProject
Project("{2150E333-8FDC-42A3-9474-1A3956D46DE8}") = "Solution Items", "Solution Items", "{739B571E-2CC0-462D-8572-D63FB0DAC2B7}"
	ProjectSection(SolutionItems) = preProject
		..\pipelines\azure-pipeline-auth.yml = ..\pipelines\azure-pipeline-auth.yml
		..\pipelines\azure-pipeline-blobstorage.yml = ..\pipelines\azure-pipeline-blobstorage.yml
		..\pipelines\azure-pipeline-common.yml = ..\pipelines\azure-pipeline-common.yml
		..\README.md = ..\README.md
	EndProjectSection
EndProject
Project("{2150E333-8FDC-42A3-9474-1A3956D46DE8}") = "tests", "tests", "{8BCCB288-09AE-471A-B3D8-B86496E59449}"
EndProject
Project("{9A19103F-16F7-4668-BE54-9A1E7A4F7556}") = "Equinor.ProCoSys.Auth.Tests", "tests\Equinor.ProCoSys.Auth.Tests\Equinor.ProCoSys.Auth.Tests.csproj", "{FF75E50A-4AA4-48A4-B93A-EB2AEBD57308}"
EndProject
Project("{9A19103F-16F7-4668-BE54-9A1E7A4F7556}") = "Equinor.ProCoSys.BlobStorage", "Equinor.ProCoSys.BlobStorage\Equinor.ProCoSys.BlobStorage.csproj", "{A57DFBA2-0C33-4BCE-8727-E190DEF06A05}"
EndProject
Project("{9A19103F-16F7-4668-BE54-9A1E7A4F7556}") = "Equinor.ProCoSys.Common", "Equinor.ProCoSys.Common\Equinor.ProCoSys.Common.csproj", "{9E73D10B-3021-4C64-A18B-1EBF773C81AD}"
EndProject
Project("{9A19103F-16F7-4668-BE54-9A1E7A4F7556}") = "Equinor.ProCoSys.Common.Tests", "tests\Equinor.ProCoSys.Common.Tests\Equinor.ProCoSys.Common.Tests.csproj", "{BA3CC1D2-958D-4D38-B7F5-F09FC8B42872}"
EndProject
Global
	GlobalSection(SolutionConfigurationPlatforms) = preSolution
		Debug|Any CPU = Debug|Any CPU
		Release|Any CPU = Release|Any CPU
	EndGlobalSection
	GlobalSection(ProjectConfigurationPlatforms) = postSolution
		{354A84A0-53BA-40C1-9F10-CC7D30DA8E00}.Debug|Any CPU.ActiveCfg = Debug|Any CPU
		{354A84A0-53BA-40C1-9F10-CC7D30DA8E00}.Debug|Any CPU.Build.0 = Debug|Any CPU
		{354A84A0-53BA-40C1-9F10-CC7D30DA8E00}.Release|Any CPU.ActiveCfg = Release|Any CPU
		{354A84A0-53BA-40C1-9F10-CC7D30DA8E00}.Release|Any CPU.Build.0 = Release|Any CPU
		{FF75E50A-4AA4-48A4-B93A-EB2AEBD57308}.Debug|Any CPU.ActiveCfg = Debug|Any CPU
		{FF75E50A-4AA4-48A4-B93A-EB2AEBD57308}.Debug|Any CPU.Build.0 = Debug|Any CPU
		{FF75E50A-4AA4-48A4-B93A-EB2AEBD57308}.Release|Any CPU.ActiveCfg = Release|Any CPU
		{FF75E50A-4AA4-48A4-B93A-EB2AEBD57308}.Release|Any CPU.Build.0 = Release|Any CPU
		{A57DFBA2-0C33-4BCE-8727-E190DEF06A05}.Debug|Any CPU.ActiveCfg = Debug|Any CPU
		{A57DFBA2-0C33-4BCE-8727-E190DEF06A05}.Debug|Any CPU.Build.0 = Debug|Any CPU
		{A57DFBA2-0C33-4BCE-8727-E190DEF06A05}.Release|Any CPU.ActiveCfg = Release|Any CPU
		{A57DFBA2-0C33-4BCE-8727-E190DEF06A05}.Release|Any CPU.Build.0 = Release|Any CPU
		{9E73D10B-3021-4C64-A18B-1EBF773C81AD}.Debug|Any CPU.ActiveCfg = Debug|Any CPU
		{9E73D10B-3021-4C64-A18B-1EBF773C81AD}.Debug|Any CPU.Build.0 = Debug|Any CPU
		{9E73D10B-3021-4C64-A18B-1EBF773C81AD}.Release|Any CPU.ActiveCfg = Release|Any CPU
		{9E73D10B-3021-4C64-A18B-1EBF773C81AD}.Release|Any CPU.Build.0 = Release|Any CPU
		{BA3CC1D2-958D-4D38-B7F5-F09FC8B42872}.Debug|Any CPU.ActiveCfg = Debug|Any CPU
		{BA3CC1D2-958D-4D38-B7F5-F09FC8B42872}.Debug|Any CPU.Build.0 = Debug|Any CPU
		{BA3CC1D2-958D-4D38-B7F5-F09FC8B42872}.Release|Any CPU.ActiveCfg = Release|Any CPU
		{BA3CC1D2-958D-4D38-B7F5-F09FC8B42872}.Release|Any CPU.Build.0 = Release|Any CPU
	EndGlobalSection
	GlobalSection(SolutionProperties) = preSolution
		HideSolutionNode = FALSE
	EndGlobalSection
	GlobalSection(NestedProjects) = preSolution
		{FF75E50A-4AA4-48A4-B93A-EB2AEBD57308} = {8BCCB288-09AE-471A-B3D8-B86496E59449}
		{BA3CC1D2-958D-4D38-B7F5-F09FC8B42872} = {8BCCB288-09AE-471A-B3D8-B86496E59449}
	EndGlobalSection
	GlobalSection(ExtensibilityGlobals) = postSolution
		SolutionGuid = {8502F283-F01B-474A-ACE7-C24FE0F01E1F}
	EndGlobalSection
EndGlobal
